
Microsoft Visual Studio Solution File, Format Version 12.00
# Visual Studio Version 16
VisualStudioVersion = 16.0.30320.27
MinimumVisualStudioVersion = 10.0.40219.1
Project("{9A19103F-16F7-4668-BE54-9A1E7A4F7556}") = "FlashB1", "FlashB1\FlashB1.csproj", "{0CFCD254-C90B-482C-A1A3-EB6C3D431250}"
EndProject
Project("{9A19103F-16F7-4668-BE54-9A1E7A4F7556}") = "FlashPeer", "FlashPeer\FlashPeer.csproj", "{F5DC4E3C-F922-4452-BA46-76DD2195E713}"
EndProject
Project("{9A19103F-16F7-4668-BE54-9A1E7A4F7556}") = "NetwokingTest", "NetwokingTest\NetwokingTest.csproj", "{9D654C70-069B-47DA-8D1D-65E14AF75E3F}"
EndProject
Global
	GlobalSection(SolutionConfigurationPlatforms) = preSolution
		Debug|Any CPU = Debug|Any CPU
		Release|Any CPU = Release|Any CPU
	EndGlobalSection
	GlobalSection(ProjectConfigurationPlatforms) = postSolution
		{0CFCD254-C90B-482C-A1A3-EB6C3D431250}.Debug|Any CPU.ActiveCfg = Debug|Any CPU
		{0CFCD254-C90B-482C-A1A3-EB6C3D431250}.Debug|Any CPU.Build.0 = Debug|Any CPU
		{0CFCD254-C90B-482C-A1A3-EB6C3D431250}.Release|Any CPU.ActiveCfg = Release|Any CPU
		{0CFCD254-C90B-482C-A1A3-EB6C3D431250}.Release|Any CPU.Build.0 = Release|Any CPU
		{F5DC4E3C-F922-4452-BA46-76DD2195E713}.Debug|Any CPU.ActiveCfg = Debug|Any CPU
		{F5DC4E3C-F922-4452-BA46-76DD2195E713}.Debug|Any CPU.Build.0 = Debug|Any CPU
		{F5DC4E3C-F922-4452-BA46-76DD2195E713}.Release|Any CPU.ActiveCfg = Release|Any CPU
		{F5DC4E3C-F922-4452-BA46-76DD2195E713}.Release|Any CPU.Build.0 = Release|Any CPU
		{9D654C70-069B-47DA-8D1D-65E14AF75E3F}.Debug|Any CPU.ActiveCfg = Debug|Any CPU
		{9D654C70-069B-47DA-8D1D-65E14AF75E3F}.Debug|Any CPU.Build.0 = Debug|Any CPU
		{9D654C70-069B-47DA-8D1D-65E14AF75E3F}.Release|Any CPU.ActiveCfg = Release|Any CPU
		{9D654C70-069B-47DA-8D1D-65E14AF75E3F}.Release|Any CPU.Build.0 = Release|Any CPU
	EndGlobalSection
	GlobalSection(SolutionProperties) = preSolution
		HideSolutionNode = FALSE
	EndGlobalSection
	GlobalSection(ExtensibilityGlobals) = postSolution
		SolutionGuid = {B090341A-62B6-4093-9F98-057FA3A56345}
	EndGlobalSection
EndGlobal
